
Microsoft Visual Studio Solution File, Format Version 12.00
# Visual Studio Version 17
VisualStudioVersion = 17.6.33723.286
MinimumVisualStudioVersion = 10.0.40219.1
Project("{FAE04EC0-301F-11D3-BF4B-00C04F79EFBC}") = "SprintathonLaundryWeb", "SprintathonLaundryWeb.csproj", "{B0BAE0FA-D2F4-4883-9D9B-97148FE10B43}"
EndProject
Global
	GlobalSection(SolutionConfigurationPlatforms) = preSolution
		Debug|Any CPU = Debug|Any CPU
		Release|Any CPU = Release|Any CPU
	EndGlobalSection
	GlobalSection(ProjectConfigurationPlatforms) = postSolution
		{B0BAE0FA-D2F4-4883-9D9B-97148FE10B43}.Debug|Any CPU.ActiveCfg = Debug|Any CPU
		{B0BAE0FA-D2F4-4883-9D9B-97148FE10B43}.Debug|Any CPU.Build.0 = Debug|Any CPU
		{B0BAE0FA-D2F4-4883-9D9B-97148FE10B43}.Release|Any CPU.ActiveCfg = Release|Any CPU
		{B0BAE0FA-D2F4-4883-9D9B-97148FE10B43}.Release|Any CPU.Build.0 = Release|Any CPU
	EndGlobalSection
	GlobalSection(SolutionProperties) = preSolution
		HideSolutionNode = FALSE
	EndGlobalSection
	GlobalSection(ExtensibilityGlobals) = postSolution
		SolutionGuid = {5486E664-381A-46E9-A841-61318280A1E1}
	EndGlobalSection
EndGlobal
